{
  "nodes": {
    "eijiro": {
      "inputs": {
        "nixpkgs": "nixpkgs"
      },
      "locked": {
        "narHash": "sha256-JrwM497KTs3OjbH7DmqABl+mNNkXk1srn7hbffb3pmE=",
        "path": "/home/hnakano/ghq/github.com/hnakano/eijiro.nix",
        "type": "path"
      },
      "original": {
        "path": "/home/hnakano/ghq/github.com/hnakano/eijiro.nix",
        "type": "path"
      }
    },
    "emacs-overlay": {
      "locked": {
        "lastModified": 1630776304,
        "narHash": "sha256-KYO+6FBMXJRR+wPwDEq7nnl+zfk6+noeGLGR7RUBLJo=",
        "owner": "nix-community",
        "repo": "emacs-overlay",
        "rev": "d46a82cf4871246b01cd64740ee2cf5a24faad39",
        "type": "github"
      },
      "original": {
        "owner": "nix-community",
        "repo": "emacs-overlay",
        "type": "github"
      }
    },
    "hnakano863": {
      "locked": {
        "lastModified": 1631441498,
        "narHash": "sha256-G2IK1spJaSElre4pw1KuaLZw5DieDGfspCB0zMl5Odk=",
        "owner": "hnakano863",
        "repo": "nixos-overlay",
        "rev": "4edb1038bccf7a54e83215c4b7d9121fa089504d",
        "type": "github"
      },
      "original": {
        "owner": "hnakano863",
        "repo": "nixos-overlay",
        "type": "github"
      }
    },
    "home-manager": {
      "inputs": {
        "nixpkgs": "nixpkgs_2"
      },
      "locked": {
        "lastModified": 1631573611,
        "narHash": "sha256-u2E/wstadWNcn6vOIoK1xY86QPOzzBZQfT1FbePfdaI=",
        "owner": "nix-community",
        "repo": "home-manager",
        "rev": "7d9ba15214004c979d2c8733f8be12ce6502cf8a",
        "type": "github"
      },
      "original": {
        "owner": "nix-community",
        "ref": "release-21.05",
        "repo": "home-manager",
        "type": "github"
      }
    },
    "nixos-wsl": {
      "inputs": {
        "nixpkgs": "nixpkgs_3"
      },
      "locked": {
        "lastModified": 1631010780,
        "narHash": "sha256-M+UsqOwwYFehIJeda5/83KOWP6hQqtViIZJKPx9aFLs=",
        "owner": "hnakano863",
        "repo": "NixOS-WSL",
        "rev": "feb8fdbbd2b06262d7b39a8452fde0835f542448",
        "type": "github"
      },
      "original": {
        "owner": "hnakano863",
        "ref": "develop",
        "repo": "NixOS-WSL",
        "type": "github"
      }
    },
    "nixpkgs": {
      "locked": {
        "lastModified": 1616396939,
        "narHash": "sha256-equJ4b8vLMvV1eDX82SzUur5CKclQtL9nBsNUFbDMxo=",
        "owner": "NixOS",
        "repo": "nixpkgs",
        "rev": "f8929dce13e729357f31d5b2950cbb097744bed7",
        "type": "github"
      },
      "original": {
        "owner": "NixOS",
        "ref": "nixos-20.09",
        "repo": "nixpkgs",
        "type": "github"
      }
    },
    "nixpkgs_2": {
      "locked": {
        "lastModified": 1629880082,
        "narHash": "sha256-RlQUhZ89btTIINW7xJ4GgX9QE83HhySkliaguz5xUus=",
        "path": "/nix/store/2ss5yzs6x4hmaclzs0vxfj7376cybibv-source",
        "rev": "bc1a0f56812a26018d19aa6501a8eb1aa3edb6ed",
        "type": "path"
      },
      "original": {
        "id": "nixpkgs",
        "type": "indirect"
      }
    },
    "nixpkgs_3": {
      "locked": {
        "lastModified": 1630927478,
        "narHash": "sha256-y2z+/r1QhRRkPr0Dzl0O7qXdZ0jfr32w7OlfXr2XNik=",
        "owner": "NixOS",
        "repo": "nixpkgs",
        "rev": "fd6dba47199a7c249e64c1aa1fef01ee78e58481",
        "type": "github"
      },
      "original": {
        "owner": "NixOS",
        "ref": "nixos-21.05",
        "repo": "nixpkgs",
        "type": "github"
      }
    },
    "nixpkgs_4": {
      "locked": {
        "lastModified": 1629880082,
        "narHash": "sha256-RlQUhZ89btTIINW7xJ4GgX9QE83HhySkliaguz5xUus=",
        "owner": "NixOS",
        "repo": "nixpkgs",
        "rev": "bc1a0f56812a26018d19aa6501a8eb1aa3edb6ed",
        "type": "github"
      },
      "original": {
        "owner": "NixOS",
        "ref": "nixos-21.05",
        "repo": "nixpkgs",
        "type": "github"
      }
    },
    "root": {
      "inputs": {
        "eijiro": "eijiro",
        "emacs-overlay": "emacs-overlay",
        "hnakano863": "hnakano863",
        "home-manager": "home-manager",
        "nixos-wsl": "nixos-wsl",
        "nixpkgs": "nixpkgs_4"
      }
    }
  },
  "root": "root",
  "version": 7
}
