{
  "nodes": {
    "eijiro": {
      "inputs": {
        "nixpkgs": "nixpkgs"
      },
      "locked": {
        "narHash": "sha256-yKV2kTCHhWA5/truKnIU8efRLDAt2TypDBGYN509zmU=",
        "path": "/home/hnakano/repos/eijiro.nix",
        "type": "path"
      },
      "original": {
        "path": "/home/hnakano/repos/eijiro.nix",
        "type": "path"
      }
    },
    "emacs-overlay": {
      "locked": {
        "lastModified": 1623488513,
        "narHash": "sha256-F62TEVC+D3o+y+zifSMZ7x/FhxRtaLN9zN6Bi3ffCus=",
        "owner": "nix-community",
        "repo": "emacs-overlay",
        "rev": "6b6945c6066590764f09a5429af92c2ab1b35f67",
        "type": "github"
      },
      "original": {
        "owner": "nix-community",
        "repo": "emacs-overlay",
        "type": "github"
      }
    },
    "hnakano863": {
      "locked": {
        "lastModified": 1623589296,
        "narHash": "sha256-FTDq+hCUR75SGA1V5yYaq1XLmY+usdiNR26T/VwB9BU=",
        "owner": "hnakano863",
        "repo": "nixos-overlay",
        "rev": "dd8603cd67a27127e6a1c21d5fea833850815d9e",
        "type": "github"
      },
      "original": {
        "owner": "hnakano863",
        "repo": "nixos-overlay",
        "type": "github"
      }
    },
    "home-manager": {
      "inputs": {
        "nixpkgs": "nixpkgs_2"
      },
      "locked": {
        "lastModified": 1622917919,
        "narHash": "sha256-9gAIwbQyLhK78bEV648k4tfLK6JkYiPk9QdTECpLuOE=",
        "owner": "nix-community",
        "repo": "home-manager",
        "rev": "148d85ee8303444fb0116943787aa0b1b25f94df",
        "type": "github"
      },
      "original": {
        "owner": "nix-community",
        "ref": "release-21.05",
        "repo": "home-manager",
        "type": "github"
      }
    },
    "nixpkgs": {
      "locked": {
        "lastModified": 1616396939,
        "narHash": "sha256-equJ4b8vLMvV1eDX82SzUur5CKclQtL9nBsNUFbDMxo=",
        "owner": "NixOS",
        "repo": "nixpkgs",
        "rev": "f8929dce13e729357f31d5b2950cbb097744bed7",
        "type": "github"
      },
      "original": {
        "owner": "NixOS",
        "ref": "nixos-20.09",
        "repo": "nixpkgs",
        "type": "github"
      }
    },
    "nixpkgs_2": {
      "locked": {
        "lastModified": 1622577619,
        "narHash": "sha256-ODWgeRVXJz++vvapHSNO2G7AACfRjQoWMomuLhl+OcQ=",
        "path": "/nix/store/dj61yg8n4dh9frhk0wq72a6jgrc0x9dg-source",
        "rev": "5237039cc1e7633a7697ed7999afd1f80d91ff14",
        "type": "path"
      },
      "original": {
        "id": "nixpkgs",
        "type": "indirect"
      }
    },
    "nixpkgs_3": {
      "locked": {
        "lastModified": 1623309731,
        "narHash": "sha256-UZVcWcMEuWr6QmoFNryxUwjnokXXREJO7CSRe8ob6E4=",
        "owner": "NixOS",
        "repo": "nixpkgs",
        "rev": "cedcf2565c6b982d703d67455199b09a3d905d86",
        "type": "github"
      },
      "original": {
        "owner": "NixOS",
        "ref": "nixos-21.05",
        "repo": "nixpkgs",
        "type": "github"
      }
    },
    "root": {
      "inputs": {
        "eijiro": "eijiro",
        "emacs-overlay": "emacs-overlay",
        "hnakano863": "hnakano863",
        "home-manager": "home-manager",
        "nixpkgs": "nixpkgs_3"
      }
    }
  },
  "root": "root",
  "version": 7
}
